
Microsoft Visual Studio Solution File, Format Version 12.00
# Visual Studio Version 17
VisualStudioVersion = 17.0.32014.148
MinimumVisualStudioVersion = 10.0.40219.1
Project("{FAE04EC0-301F-11D3-BF4B-00C04F79EFBC}") = "Shop_Application", "Shop_Application\Shop_Application.csproj", "{B57EA5F1-1EF0-41A4-85B6-32BD01DD309B}"
EndProject
Global
	GlobalSection(SolutionConfigurationPlatforms) = preSolution
		Debug|Any CPU = Debug|Any CPU
		Release|Any CPU = Release|Any CPU
	EndGlobalSection
	GlobalSection(ProjectConfigurationPlatforms) = postSolution
		{B57EA5F1-1EF0-41A4-85B6-32BD01DD309B}.Debug|Any CPU.ActiveCfg = Debug|Any CPU
		{B57EA5F1-1EF0-41A4-85B6-32BD01DD309B}.Debug|Any CPU.Build.0 = Debug|Any CPU
		{B57EA5F1-1EF0-41A4-85B6-32BD01DD309B}.Release|Any CPU.ActiveCfg = Release|Any CPU
		{B57EA5F1-1EF0-41A4-85B6-32BD01DD309B}.Release|Any CPU.Build.0 = Release|Any CPU
	EndGlobalSection
	GlobalSection(SolutionProperties) = preSolution
		HideSolutionNode = FALSE
	EndGlobalSection
	GlobalSection(ExtensibilityGlobals) = postSolution
		SolutionGuid = {5D4DF990-4B15-4BD7-A8E4-5D791FA93E4D}
	EndGlobalSection
EndGlobal
